
Microsoft Visual Studio Solution File, Format Version 12.00
# Visual Studio Version 17
VisualStudioVersion = 17.10.35122.118
MinimumVisualStudioVersion = 10.0.40219.1
Project("{FAE04EC0-301F-11D3-BF4B-00C04F79EFBC}") = "gh_Day15", "gh_Day15.csproj", "{61D6B0F7-C486-4E30-8607-575A35621B30}"
EndProject
Project("{FAE04EC0-301F-11D3-BF4B-00C04F79EFBC}") = "gh_Day15_1", "..\gh_Day15_1\gh_Day15_1.csproj", "{DA195970-C047-44A5-BCF2-0A03B0F2B14E}"
EndProject
Global
	GlobalSection(SolutionConfigurationPlatforms) = preSolution
		Debug|Any CPU = Debug|Any CPU
		Release|Any CPU = Release|Any CPU
	EndGlobalSection
	GlobalSection(ProjectConfigurationPlatforms) = postSolution
		{61D6B0F7-C486-4E30-8607-575A35621B30}.Debug|Any CPU.ActiveCfg = Debug|Any CPU
		{61D6B0F7-C486-4E30-8607-575A35621B30}.Debug|Any CPU.Build.0 = Debug|Any CPU
		{61D6B0F7-C486-4E30-8607-575A35621B30}.Release|Any CPU.ActiveCfg = Release|Any CPU
		{61D6B0F7-C486-4E30-8607-575A35621B30}.Release|Any CPU.Build.0 = Release|Any CPU
		{DA195970-C047-44A5-BCF2-0A03B0F2B14E}.Debug|Any CPU.ActiveCfg = Debug|Any CPU
		{DA195970-C047-44A5-BCF2-0A03B0F2B14E}.Debug|Any CPU.Build.0 = Debug|Any CPU
		{DA195970-C047-44A5-BCF2-0A03B0F2B14E}.Release|Any CPU.ActiveCfg = Release|Any CPU
		{DA195970-C047-44A5-BCF2-0A03B0F2B14E}.Release|Any CPU.Build.0 = Release|Any CPU
	EndGlobalSection
	GlobalSection(SolutionProperties) = preSolution
		HideSolutionNode = FALSE
	EndGlobalSection
	GlobalSection(ExtensibilityGlobals) = postSolution
		SolutionGuid = {8C3A96A6-FA1F-4DE9-93A0-4495969DB010}
	EndGlobalSection
EndGlobal
